// !$*UTF8*$!
{
	archiveVersion = 1;
	classes = {
	};
	objectVersion = 46;
	objects = {

/* Begin PBXBuildFile section */
		12BED3101DD492C100B76FEE /* AppDelegate.swift in Sources */ = {isa = PBXBuildFile; fileRef = 12BED30F1DD492C100B76FEE /* AppDelegate.swift */; };
		12BED3121DD492C100B76FEE /* Assets.xcassets in Resources */ = {isa = PBXBuildFile; fileRef = 12BED3111DD492C100B76FEE /* Assets.xcassets */; };
		12BED3151DD492C100B76FEE /* MainMenu.xib in Resources */ = {isa = PBXBuildFile; fileRef = 12BED3131DD492C100B76FEE /* MainMenu.xib */; };
/* End PBXBuildFile section */

/* Begin PBXFileReference section */
		12BED30C1DD492C100B76FEE /* CheckSleepState.app */ = {isa = PBXFileReference; explicitFileType = wrapper.application; includeInIndex = 0; path = CheckSleepState.app; sourceTree = BUILT_PRODUCTS_DIR; };
		12BED30F1DD492C100B76FEE /* AppDelegate.swift */ = {isa = PBXFileReference; lastKnownFileType = sourcecode.swift; path = AppDelegate.swift; sourceTree = "<group>"; };
		12BED3111DD492C100B76FEE /* Assets.xcassets */ = {isa = PBXFileReference; lastKnownFileType = folder.assetcatalog; path = Assets.xcassets; sourceTree = "<group>"; };
		12BED3141DD492C100B76FEE /* Base */ = {isa = PBXFileReference; lastKnownFileType = file.xib; name = Base; path = Base.lproj/MainMenu.xib; sourceTree = "<group>"; };
		12BED3161DD492C100B76FEE /* Info.plist */ = {isa = PBXFileReference; lastKnownFileType = text.plist.xml; path = Info.plist; sourceTree = "<group>"; };
/* End PBXFileReference section */

/* Begin PBXFrameworksBuildPhase section */
		12BED3091DD492C100B76FEE /* Frameworks */ = {
			isa = PBXFrameworksBuildPhase;
			buildActionMask = 2147483647;
			files = (
			);
			runOnlyForDeploymentPostprocessing = 0;
		};
/* End PBXFrameworksBuildPhase section */

/* Begin PBXGroup section */
		12BED3031DD492C100B76FEE = {
			isa = PBXGroup;
			children = (
				12BED30E1DD492C100B76FEE /* CheckSleepState */,
				12BED30D1DD492C100B76FEE /* Products */,
			);
			sourceTree = "<group>";
		};
		12BED30D1DD492C100B76FEE /* Products */ = {
			isa = PBXGroup;
			children = (
				12BED30C1DD492C100B76FEE /* CheckSleepState.app */,
			);
			name = Products;
			sourceTree = "<group>";
		};
		12BED30E1DD492C100B76FEE /* CheckSleepState */ = {
			isa = PBXGroup;
			children = (
				12BED30F1DD492C100B76FEE /* AppDelegate.swift */,
				12BED3111DD492C100B76FEE /* Assets.xcassets */,
				12BED3131DD492C100B76FEE /* MainMenu.xib */,
				12BED3161DD492C100B76FEE /* Info.plist */,
			);
			path = CheckSleepState;
			sourceTree = "<group>";
		};
/* End PBXGroup section */

/* Begin PBXNativeTarget section */
		12BED30B1DD492C100B76FEE /* CheckSleepState */ = {
			isa = PBXNativeTarget;
			buildConfigurationList = 12BED3191DD492C100B76FEE /* Build configuration list for PBXNativeTarget "CheckSleepState" */;
			buildPhases = (
				12BED3081DD492C100B76FEE /* Sources */,
				12BED3091DD492C100B76FEE /* Frameworks */,
				12BED30A1DD492C100B76FEE /* Resources */,
			);
			buildRules = (
			);
			dependencies = (
			);
			name = CheckSleepState;
			productName = CheckSleepState;
			productReference = 12BED30C1DD492C100B76FEE /* CheckSleepState.app */;
			productType = "com.apple.product-type.application";
		};
/* End PBXNativeTarget section */

/* Begin PBXProject section */
		12BED3041DD492C100B76FEE /* Project object */ = {
			isa = PBXProject;
			attributes = {
				LastSwiftUpdateCheck = 0730;
				LastUpgradeCheck = 0730;
				ORGANIZATIONNAME = "Guru Senthil";
				TargetAttributes = {
					12BED30B1DD492C100B76FEE = {
						CreatedOnToolsVersion = 7.3.1;
					};
				};
			};
			buildConfigurationList = 12BED3071DD492C100B76FEE /* Build configuration list for PBXProject "CheckSleepState" */;
			compatibilityVersion = "Xcode 3.2";
			developmentRegion = English;
			hasScannedForEncodings = 0;
			knownRegions = (
				en,
				Base,
			);
			mainGroup = 12BED3031DD492C100B76FEE;
			productRefGroup = 12BED30D1DD492C100B76FEE /* Products */;
			projectDirPath = "";
			projectRoot = "";
			targets = (
				12BED30B1DD492C100B76FEE /* CheckSleepState */,
			);
		};
/* End PBXProject section */

/* Begin PBXResourcesBuildPhase section */
		12BED30A1DD492C100B76FEE /* Resources */ = {
			isa = PBXResourcesBuildPhase;
			buildActionMask = 2147483647;
			files = (
				12BED3121DD492C100B76FEE /* Assets.xcassets in Resources */,
				12BED3151DD492C100B76FEE /* MainMenu.xib in Resources */,
			);
			runOnlyForDeploymentPostprocessing = 0;
		};
/* End PBXResourcesBuildPhase section */

/* Begin PBXSourcesBuildPhase section */
		12BED3081DD492C100B76FEE /* Sources */ = {
			isa = PBXSourcesBuildPhase;
			buildActionMask = 2147483647;
			files = (
				12BED3101DD492C100B76FEE /* AppDelegate.swift in Sources */,
			);
			runOnlyForDeploymentPostprocessing = 0;
		};
/* End PBXSourcesBuildPhase section */

/* Begin PBXVariantGroup section */
		12BED3131DD492C100B76FEE /* MainMenu.xib */ = {
			isa = PBXVariantGroup;
			children = (
				12BED3141DD492C100B76FEE /* Base */,
			);
			name = MainMenu.xib;
			sourceTree = "<group>";
		};
/* End PBXVariantGroup section */

/* Begin XCBuildConfiguration section */
		12BED3171DD492C100B76FEE /* Debug */ = {
			isa = XCBuildConfiguration;
			buildSettings = {
				ALWAYS_SEARCH_USER_PATHS = NO;
				CLANG_ANALYZER_NONNULL = YES;
				CLANG_CXX_LANGUAGE_STANDARD = "gnu++0x";
				CLANG_CXX_LIBRARY = "libc++";
				CLANG_ENABLE_MODULES = YES;
				CLANG_ENABLE_OBJC_ARC = YES;
				CLANG_WARN_BOOL_CONVERSION = YES;
				CLANG_WARN_CONSTANT_CONVERSION = YES;
				CLANG_WARN_DIRECT_OBJC_ISA_USAGE = YES_ERROR;
				CLANG_WARN_EMPTY_BODY = YES;
				CLANG_WARN_ENUM_CONVERSION = YES;
				CLANG_WARN_INT_CONVERSION = YES;
				CLANG_WARN_OBJC_ROOT_CLASS = YES_ERROR;
				CLANG_WARN_UNREACHABLE_CODE = YES;
				CLANG_WARN__DUPLICATE_METHOD_MATCH = YES;
				CODE_SIGN_IDENTITY = "-";
				COPY_PHASE_STRIP = NO;
				DEBUG_INFORMATION_FORMAT = dwarf;
				ENABLE_STRICT_OBJC_MSGSEND = YES;
				ENABLE_TESTABILITY = YES;
				GCC_C_LANGUAGE_STANDARD = gnu99;
				GCC_DYNAMIC_NO_PIC = NO;
				GCC_NO_COMMON_BLOCKS = YES;
				GCC_OPTIMIZATION_LEVEL = 0;
				GCC_PREPROCESSOR_DEFINITIONS = (
					"DEBUG=1",
					"$(inherited)",
				);
				GCC_WARN_64_TO_32_BIT_CONVERSION = YES;
				GCC_WARN_ABOUT_RETURN_TYPE = YES_ERROR;
				GCC_WARN_UNDECLARED_SELECTOR = YES;
				GCC_WARN_UNINITIALIZED_AUTOS = YES_AGGRESSIVE;
				GCC_WARN_UNUSED_FUNCTION = YES;
				GCC_WARN_UNUSED_VARIABLE = YES;
				MACOSX_DEPLOYMENT_TARGET = 10.11;
				MTL_ENABLE_DEBUG_INFO = YES;
				ONLY_ACTIVE_ARCH = YES;
				SDKROOT = macosx;
				SWIFT_OPTIMIZATION_LEVEL = "-Onone";
			};
			name = Debug;
		};
		12BED3181DD492C100B76FEE /* Release */ = {
			isa = XCBuildConfiguration;
			buildSettings = {
				ALWAYS_SEARCH_USER_PATHS = NO;
				CLANG_ANALYZER_NONNULL = YES;
				CLANG_CXX_LANGUAGE_STANDARD = "gnu++0x";
				CLANG_CXX_LIBRARY = "libc++";
				CLANG_ENABLE_MODULES = YES;
				CLANG_ENABLE_OBJC_ARC = YES;
				CLANG_WARN_BOOL_CONVERSION = YES;
				CLANG_WARN_CONSTANT_CONVERSION = YES;
				CLANG_WARN_DIRECT_OBJC_ISA_USAGE = YES_ERROR;
				CLANG_WARN_EMPTY_BODY = YES;
				CLANG_WARN_ENUM_CONVERSION = YES;
				CLANG_WARN_INT_CONVERSION = YES;
				CLANG_WARN_OBJC_ROOT_CLASS = YES_ERROR;
				CLANG_WARN_UNREACHABLE_CODE = YES;
				CLANG_WARN__DUPLICATE_METHOD_MATCH = YES;
				CODE_SIGN_IDENTITY = "-";
				COPY_PHASE_STRIP = NO;
				DEBUG_INFORMATION_FORMAT = "dwarf-with-dsym";
				ENABLE_NS_ASSERTIONS = NO;
				ENABLE_STRICT_OBJC_MSGSEND = YES;
				GCC_C_LANGUAGE_STANDARD = gnu99;
				GCC_NO_COMMON_BLOCKS = YES;
				GCC_WARN_64_TO_32_BIT_CONVERSION = YES;
				GCC_WARN_ABOUT_RETURN_TYPE = YES_ERROR;
				GCC_WARN_UNDECLARED_SELECTOR = YES;
				GCC_WARN_UNINITIALIZED_AUTOS = YES_AGGRESSIVE;
				GCC_WARN_UNUSED_FUNCTION = YES;
				GCC_WARN_UNUSED_VARIABLE = YES;
				MACOSX_DEPLOYMENT_TARGET = 10.11;
				MTL_ENABLE_DEBUG_INFO = NO;
				SDKROOT = macosx;
			};
			name = Release;
		};
		12BED31A1DD492C100B76FEE /* Debug */ = {
			isa = XCBuildConfiguration;
			buildSettings = {
				ASSETCATALOG_COMPILER_APPICON_NAME = AppIcon;
				COMBINE_HIDPI_IMAGES = YES;
				INFOPLIST_FILE = CheckSleepState/Info.plist;
				LD_RUNPATH_SEARCH_PATHS = "$(inherited) @executable_path/../Frameworks";
				PRODUCT_BUNDLE_IDENTIFIER = com.gsscorp.CheckSleepState;
				PRODUCT_NAME = "$(TARGET_NAME)";
			};
			name = Debug;
		};
		12BED31B1DD492C100B76FEE /* Release */ = {
			isa = XCBuildConfiguration;
			buildSettings = {
				ASSETCATALOG_COMPILER_APPICON_NAME = AppIcon;
				COMBINE_HIDPI_IMAGES = YES;
				INFOPLIST_FILE = CheckSleepState/Info.plist;
				LD_RUNPATH_SEARCH_PATHS = "$(inherited) @executable_path/../Frameworks";
				PRODUCT_BUNDLE_IDENTIFIER = com.gsscorp.CheckSleepState;
				PRODUCT_NAME = "$(TARGET_NAME)";
			};
			name = Release;
		};
/* End XCBuildConfiguration section */

/* Begin XCConfigurationList section */
		12BED3071DD492C100B76FEE /* Build configuration list for PBXProject "CheckSleepState" */ = {
			isa = XCConfigurationList;
			buildConfigurations = (
				12BED3171DD492C100B76FEE /* Debug */,
				12BED3181DD492C100B76FEE /* Release */,
			);
			defaultConfigurationIsVisible = 0;
			defaultConfigurationName = Release;
		};
		12BED3191DD492C100B76FEE /* Build configuration list for PBXNativeTarget "CheckSleepState" */ = {
			isa = XCConfigurationList;
			buildConfigurations = (
				12BED31A1DD492C100B76FEE /* Debug */,
				12BED31B1DD492C100B76FEE /* Release */,
			);
			defaultConfigurationIsVisible = 0;
		};
/* End XCConfigurationList section */
	};
	rootObject = 12BED3041DD492C100B76FEE /* Project object */;
}
